# THIS IS AN AUTOGENERATED FILE. DO NOT EDIT THIS FILE DIRECTLY.
# yarn lockfile v1


"@angular/common@^2.4.0":
  version "2.4.5"
  resolved "https://registry.yarnpkg.com/@angular/common/-/common-2.4.5.tgz#ada1a22b7ba01d1fdeb300115584478e031e9a4f"

"@angular/compiler@^2.4.0":
  version "2.4.5"
  resolved "https://registry.yarnpkg.com/@angular/compiler/-/compiler-2.4.5.tgz#521da325e2e002398e8f9de52cfb03d303729e72"

"@angular/core@^2.4.0":
  version "2.4.5"
  resolved "https://registry.yarnpkg.com/@angular/core/-/core-2.4.5.tgz#8b05156398afde9636e65527ffb61fc74236af5a"

"@angular/forms@^2.4.0":
  version "2.4.5"
  resolved "https://registry.yarnpkg.com/@angular/forms/-/forms-2.4.5.tgz#468bd040518595c3598742ac1a22c506a7f1ab0f"

"@angular/http@^2.4.0":
  version "2.4.5"
  resolved "https://registry.yarnpkg.com/@angular/http/-/http-2.4.5.tgz#de94b2daa4ff24e8b6c8839ffaf8089b62d4430b"

"@angular/material@^2.0.0-beta.1":
  version "2.0.0-beta.1"
  resolved "https://registry.yarnpkg.com/@angular/material/-/material-2.0.0-beta.1.tgz#106a0b79fb2b48a7606a0682c4e5d0bbe03364a0"

"@angular/platform-browser-dynamic@^2.4.0":
  version "2.4.5"
  resolved "https://registry.yarnpkg.com/@angular/platform-browser-dynamic/-/platform-browser-dynamic-2.4.5.tgz#36fa975a8ee2dfe3f60bab561143974e6bdb1eff"

"@angular/platform-browser@^2.4.0":
  version "2.4.5"
  resolved "https://registry.yarnpkg.com/@angular/platform-browser/-/platform-browser-2.4.5.tgz#fa1bc891b1309bca83845787b9a08db36a787fee"

"@angular/router@^3.4.0":
  version "3.4.5"
  resolved "https://registry.yarnpkg.com/@angular/router/-/router-3.4.5.tgz#5a471a4e49a7eba6a460761129c0684a4b730a1a"

accepts@~1.3.3:
  version "1.3.3"
  resolved "https://registry.yarnpkg.com/accepts/-/accepts-1.3.3.tgz#c3ca7434938648c3e0d9c1e328dd68b622c284ca"
  dependencies:
    mime-types "~2.1.11"
    negotiator "0.6.1"

ambi@~2.0.0:
  version "2.0.0"
  resolved "https://registry.yarnpkg.com/ambi/-/ambi-2.0.0.tgz#42c2bf98e8d101aa4da28a812678a5dbe36ada66"
  dependencies:
    typechecker "~2.0.1"

bal-util@~1.18.0:
  version "1.18.0"
  resolved "https://registry.yarnpkg.com/bal-util/-/bal-util-1.18.0.tgz#4e2e2d90816d1a6b7e37174020042a2ce258421d"
  dependencies:
    ambi "~2.0.0"
    eachr "~2.0.2"
    extendr "~2.0.1"
    getsetdeep "~2.0.0"
    safecallback "~1.0.1"
    safefs "~2.0.3"
    taskgroup "~2.0.0"
    typechecker "~2.0.1"

basic-auth@~1.0.3:
  version "1.0.4"
  resolved "https://registry.yarnpkg.com/basic-auth/-/basic-auth-1.0.4.tgz#030935b01de7c9b94a824b29f3fccb750d3a5290"

batch@0.5.3:
  version "0.5.3"
  resolved "https://registry.yarnpkg.com/batch/-/batch-0.5.3.tgz#3f3414f380321743bfc1042f9a83ff1d5824d464"

colors@latest:
  version "1.1.2"
  resolved "https://registry.yarnpkg.com/colors/-/colors-1.1.2.tgz#168a4701756b6a7f51a12ce0c97bfa28c084ed63"

connect@3.4.x:
  version "3.4.1"
  resolved "https://registry.yarnpkg.com/connect/-/connect-3.4.1.tgz#a21361d3f4099ef761cda6dc4a973bb1ebb0a34d"
  dependencies:
    debug "~2.2.0"
    finalhandler "0.4.1"
    parseurl "~1.3.1"
    utils-merge "1.0.0"

core-js@^2.4.0:
  version "2.4.1"
  resolved "https://registry.yarnpkg.com/core-js/-/core-js-2.4.1.tgz#4de911e667b0eae9124e34254b53aea6fc618d3e"

debug@~2.2.0:
  version "2.2.0"
  resolved "https://registry.yarnpkg.com/debug/-/debug-2.2.0.tgz#f87057e995b1a1f6ae6a4960664137bc56f039da"
  dependencies:
    ms "0.7.1"

depd@~1.1.0:
  version "1.1.0"
  resolved "https://registry.yarnpkg.com/depd/-/depd-1.1.0.tgz#e1bd82c6aab6ced965b97b88b17ed3e528ca18c3"

destroy@~1.0.4:
  version "1.0.4"
  resolved "https://registry.yarnpkg.com/destroy/-/destroy-1.0.4.tgz#978857442c44749e4206613e37946205826abd80"

duplexer@~0.1.1:
  version "0.1.1"
  resolved "https://registry.yarnpkg.com/duplexer/-/duplexer-0.1.1.tgz#ace6ff808c1ce66b57d1ebf97977acb02334cfc1"

eachr@~2.0.2:
  version "2.0.4"
  resolved "https://registry.yarnpkg.com/eachr/-/eachr-2.0.4.tgz#466f7caa10708f610509e32c807aafe57fc122bf"
  dependencies:
    typechecker "^2.0.8"

ee-first@1.1.1:
  version "1.1.1"
  resolved "https://registry.yarnpkg.com/ee-first/-/ee-first-1.1.1.tgz#590c61156b0ae2f4f0255732a158b266bc56b21d"

encodeurl@~1.0.1:
  version "1.0.1"
  resolved "https://registry.yarnpkg.com/encodeurl/-/encodeurl-1.0.1.tgz#79e3d58655346909fe6f0f45a5de68103b294d20"

escape-html@~1.0.3:
  version "1.0.3"
  resolved "https://registry.yarnpkg.com/escape-html/-/escape-html-1.0.3.tgz#0258eae4d3d0c0974de1c169188ef0051d1d1988"

etag@~1.7.0:
  version "1.7.0"
  resolved "https://registry.yarnpkg.com/etag/-/etag-1.7.0.tgz#03d30b5f67dd6e632d2945d30d6652731a34d5d8"

event-stream@latest:
  version "3.3.4"
  resolved "https://registry.yarnpkg.com/event-stream/-/event-stream-3.3.4.tgz#4ab4c9a0f5a54db9338b4c34d86bfce8f4b35571"
  dependencies:
    duplexer "~0.1.1"
    from "~0"
    map-stream "~0.1.0"
    pause-stream "0.0.11"
    split "0.3"
    stream-combiner "~0.0.4"
    through "~2.3.1"

extendr@~2.0.1:
  version "2.0.1"
  resolved "https://registry.yarnpkg.com/extendr/-/extendr-2.0.1.tgz#d8ab375fcbb833e4ba2cd228540f04e4aa07de90"
  dependencies:
    typechecker "~2.0.1"

faye-websocket@0.10.x:
  version "0.10.0"
  resolved "https://registry.yarnpkg.com/faye-websocket/-/faye-websocket-0.10.0.tgz#4e492f8d04dfb6f89003507f6edbf2d501e7c6f4"
  dependencies:
    websocket-driver ">=0.5.1"

finalhandler@0.4.1:
  version "0.4.1"
  resolved "https://registry.yarnpkg.com/finalhandler/-/finalhandler-0.4.1.tgz#85a17c6c59a94717d262d61230d4b0ebe3d4a14d"
  dependencies:
    debug "~2.2.0"
    escape-html "~1.0.3"
    on-finished "~2.3.0"
    unpipe "~1.0.0"

fresh@0.3.0:
  version "0.3.0"
  resolved "https://registry.yarnpkg.com/fresh/-/fresh-0.3.0.tgz#651f838e22424e7566de161d8358caa199f83d4f"

from@~0:
  version "0.1.3"
  resolved "https://registry.yarnpkg.com/from/-/from-0.1.3.tgz#ef63ac2062ac32acf7862e0d40b44b896f22f3bc"

getsetdeep@~2.0.0:
  version "2.0.0"
  resolved "https://registry.yarnpkg.com/getsetdeep/-/getsetdeep-2.0.0.tgz#f13384fe656d0a3f41c214cbdf31001a57c12492"
  dependencies:
    typechecker "~2.0.1"

http-errors@~1.5.0:
  version "1.5.1"
  resolved "https://registry.yarnpkg.com/http-errors/-/http-errors-1.5.1.tgz#788c0d2c1de2c81b9e6e8c01843b6b97eb920750"
  dependencies:
    inherits "2.0.3"
    setprototypeof "1.0.2"
    statuses ">= 1.3.1 < 2"

inherits@2.0.3:
  version "2.0.3"
  resolved "https://registry.yarnpkg.com/inherits/-/inherits-2.0.3.tgz#633c2c83e3da42a502f52466022480f4208261de"

live-server@^0.9.0:
  version "0.9.2"
  resolved "https://registry.yarnpkg.com/live-server/-/live-server-0.9.2.tgz#8bcb58e846331f3f2b6d172f95d4f70a4fcf3760"
  dependencies:
    colors latest
    connect "3.4.x"
    event-stream latest
    faye-websocket "0.10.x"
    morgan "^1.6.1"
    object-assign latest
    opn latest
    send latest
    serve-index "^1.7.2"
    watchr "2.3.x"

map-stream@~0.1.0:
  version "0.1.0"
  resolved "https://registry.yarnpkg.com/map-stream/-/map-stream-0.1.0.tgz#e56aa94c4c8055a16404a0674b78f215f7c8e194"

mime-db@~1.25.0:
  version "1.25.0"
  resolved "https://registry.yarnpkg.com/mime-db/-/mime-db-1.25.0.tgz#c18dbd7c73a5dbf6f44a024dc0d165a1e7b1c392"

mime-types@~2.1.11:
  version "2.1.13"
  resolved "https://registry.yarnpkg.com/mime-types/-/mime-types-2.1.13.tgz#e07aaa9c6c6b9a7ca3012c69003ad25a39e92a88"
  dependencies:
    mime-db "~1.25.0"

mime@1.3.4:
  version "1.3.4"
  resolved "https://registry.yarnpkg.com/mime/-/mime-1.3.4.tgz#115f9e3b6b3daf2959983cb38f149a2d40eb5d53"

morgan@^1.6.1:
  version "1.7.0"
  resolved "https://registry.yarnpkg.com/morgan/-/morgan-1.7.0.tgz#eb10ca8e50d1abe0f8d3dad5c0201d052d981c62"
  dependencies:
    basic-auth "~1.0.3"
    debug "~2.2.0"
    depd "~1.1.0"
    on-finished "~2.3.0"
    on-headers "~1.0.1"

ms@0.7.1:
  version "0.7.1"
  resolved "https://registry.yarnpkg.com/ms/-/ms-0.7.1.tgz#9cd13c03adbff25b65effde7ce864ee952017098"

negotiator@0.6.1:
  version "0.6.1"
  resolved "https://registry.yarnpkg.com/negotiator/-/negotiator-0.6.1.tgz#2b327184e8992101177b28563fb5e7102acd0ca9"

object-assign@^4.0.1, object-assign@latest:
  version "4.1.0"
  resolved "https://registry.yarnpkg.com/object-assign/-/object-assign-4.1.0.tgz#7a3b3d0e98063d43f4c03f2e8ae6cd51a86883a0"

on-finished@~2.3.0:
  version "2.3.0"
  resolved "https://registry.yarnpkg.com/on-finished/-/on-finished-2.3.0.tgz#20f1336481b083cd75337992a16971aa2d906947"
  dependencies:
    ee-first "1.1.1"

on-headers@~1.0.1:
  version "1.0.1"
  resolved "https://registry.yarnpkg.com/on-headers/-/on-headers-1.0.1.tgz#928f5d0f470d49342651ea6794b0857c100693f7"

opn@latest:
  version "4.0.2"
  resolved "https://registry.yarnpkg.com/opn/-/opn-4.0.2.tgz#7abc22e644dff63b0a96d5ab7f2790c0f01abc95"
  dependencies:
    object-assign "^4.0.1"
    pinkie-promise "^2.0.0"

parseurl@~1.3.1:
  version "1.3.1"
  resolved "https://registry.yarnpkg.com/parseurl/-/parseurl-1.3.1.tgz#c8ab8c9223ba34888aa64a297b28853bec18da56"

pause-stream@0.0.11:
  version "0.0.11"
  resolved "https://registry.yarnpkg.com/pause-stream/-/pause-stream-0.0.11.tgz#fe5a34b0cbce12b5aa6a2b403ee2e73b602f1445"
  dependencies:
    through "~2.3"

pinkie-promise@^2.0.0:
  version "2.0.1"
  resolved "https://registry.yarnpkg.com/pinkie-promise/-/pinkie-promise-2.0.1.tgz#2135d6dfa7a358c069ac9b178776288228450ffa"
  dependencies:
    pinkie "^2.0.0"

pinkie@^2.0.0:
  version "2.0.4"
  resolved "https://registry.yarnpkg.com/pinkie/-/pinkie-2.0.4.tgz#72556b80cfa0d48a974e80e77248e80ed4f7f870"

range-parser@~1.2.0:
  version "1.2.0"
  resolved "https://registry.yarnpkg.com/range-parser/-/range-parser-1.2.0.tgz#f49be6b487894ddc40dcc94a322f611092e00d5e"

rxjs@5.0.1:
  version "5.0.1"
  resolved "https://registry.yarnpkg.com/rxjs/-/rxjs-5.0.1.tgz#3a69bdf9f0ca0a986303370d4708f72bdfac8356"
  dependencies:
    symbol-observable "^1.0.1"

safecallback@~1.0.1:
  version "1.0.1"
  resolved "https://registry.yarnpkg.com/safecallback/-/safecallback-1.0.1.tgz#07c7f12b4a8d9abf1b8fcddba7852eb0b8b6ed41"

safefs@~2.0.3:
  version "2.0.3"
  resolved "https://registry.yarnpkg.com/safefs/-/safefs-2.0.3.tgz#2db2b2de4c4161d6dba6609fee05ecab062c4de5"

send@latest:
  version "0.14.1"
  resolved "https://registry.yarnpkg.com/send/-/send-0.14.1.tgz#a954984325392f51532a7760760e459598c89f7a"
  dependencies:
    debug "~2.2.0"
    depd "~1.1.0"
    destroy "~1.0.4"
    encodeurl "~1.0.1"
    escape-html "~1.0.3"
    etag "~1.7.0"
    fresh "0.3.0"
    http-errors "~1.5.0"
    mime "1.3.4"
    ms "0.7.1"
    on-finished "~2.3.0"
    range-parser "~1.2.0"
    statuses "~1.3.0"

serve-index@^1.7.2:
  version "1.8.0"
  resolved "https://registry.yarnpkg.com/serve-index/-/serve-index-1.8.0.tgz#7c5d96c13fb131101f93c1c5774f8516a1e78d3b"
  dependencies:
    accepts "~1.3.3"
    batch "0.5.3"
    debug "~2.2.0"
    escape-html "~1.0.3"
    http-errors "~1.5.0"
    mime-types "~2.1.11"
    parseurl "~1.3.1"

setprototypeof@1.0.2:
  version "1.0.2"
  resolved "https://registry.yarnpkg.com/setprototypeof/-/setprototypeof-1.0.2.tgz#81a552141ec104b88e89ce383103ad5c66564d08"

split@0.3:
  version "0.3.3"
  resolved "https://registry.yarnpkg.com/split/-/split-0.3.3.tgz#cd0eea5e63a211dfff7eb0f091c4133e2d0dd28f"
  dependencies:
    through "2"

"statuses@>= 1.3.1 < 2", statuses@~1.3.0:
  version "1.3.1"
  resolved "https://registry.yarnpkg.com/statuses/-/statuses-1.3.1.tgz#faf51b9eb74aaef3b3acf4ad5f61abf24cb7b93e"

stream-combiner@~0.0.4:
  version "0.0.4"
  resolved "https://registry.yarnpkg.com/stream-combiner/-/stream-combiner-0.0.4.tgz#4d5e433c185261dde623ca3f44c586bcf5c4ad14"
  dependencies:
    duplexer "~0.1.1"

symbol-observable@^1.0.1:
  version "1.0.4"
  resolved "https://registry.yarnpkg.com/symbol-observable/-/symbol-observable-1.0.4.tgz#29bf615d4aa7121bdd898b22d4b3f9bc4e2aa03d"

systemjs@0.19.37:
  version "0.19.37"
  resolved "https://registry.yarnpkg.com/systemjs/-/systemjs-0.19.37.tgz#58b1528aa53b6cf65458ba165634333f39aadb9e"
  dependencies:
    when "^3.7.5"

taskgroup@~2.0.0:
  version "2.0.0"
  resolved "https://registry.yarnpkg.com/taskgroup/-/taskgroup-2.0.0.tgz#184944a42b5684aad751189a5263c030f6174446"
  dependencies:
    ambi "~2.0.0"
    typechecker "~2.0.1"

through@2, through@~2.3, through@~2.3.1:
  version "2.3.8"
  resolved "https://registry.yarnpkg.com/through/-/through-2.3.8.tgz#0dd4c9ffaabc357960b1b724115d7e0e86a2e1f5"

typechecker@^2.0.8, typechecker@~2.0.1:
  version "2.0.8"
  resolved "https://registry.yarnpkg.com/typechecker/-/typechecker-2.0.8.tgz#e83da84bb64c584ccb345838576c40b0337db82e"

typescript@^2.0.0:
  version "2.1.1"
  resolved "https://registry.yarnpkg.com/typescript/-/typescript-2.1.1.tgz#41c2b64472f529331b2055c0424862b44ce58d42"

unpipe@~1.0.0:
  version "1.0.0"
  resolved "https://registry.yarnpkg.com/unpipe/-/unpipe-1.0.0.tgz#b2bf4ee8514aae6165b4817829d21b2ef49904ec"

utils-merge@1.0.0:
  version "1.0.0"
  resolved "https://registry.yarnpkg.com/utils-merge/-/utils-merge-1.0.0.tgz#0294fb922bb9375153541c4f7096231f287c8af8"

watchr@2.3.x:
  version "2.3.10"
  resolved "https://registry.yarnpkg.com/watchr/-/watchr-2.3.10.tgz#2fe0af537071cae6a776d4523356f8f3a230b7ce"
  dependencies:
    bal-util "~1.18.0"

websocket-driver@>=0.5.1:
  version "0.6.5"
  resolved "https://registry.yarnpkg.com/websocket-driver/-/websocket-driver-0.6.5.tgz#5cb2556ceb85f4373c6d8238aa691c8454e13a36"
  dependencies:
    websocket-extensions ">=0.1.1"

websocket-extensions@>=0.1.1:
  version "0.1.1"
  resolved "https://registry.yarnpkg.com/websocket-extensions/-/websocket-extensions-0.1.1.tgz#76899499c184b6ef754377c2dbb0cd6cb55d29e7"

when@^3.7.5:
  version "3.7.7"
  resolved "https://registry.yarnpkg.com/when/-/when-3.7.7.tgz#aba03fc3bb736d6c88b091d013d8a8e590d84718"

zone.js@^0.7.6:
  version "0.7.6"
  resolved "https://registry.yarnpkg.com/zone.js/-/zone.js-0.7.6.tgz#fbbc39d3e0261d0986f1ba06306eb3aeb0d22009"
